
Microsoft Visual Studio Solution File, Format Version 12.00
# Visual Studio Version 17
VisualStudioVersion = 17.9.34723.18
MinimumVisualStudioVersion = 10.0.40219.1
Project("{FAE04EC0-301F-11D3-BF4B-00C04F79EFBC}") = "InventarioProdutos", "InventarioProdutos.csproj", "{B80F8FCA-1A8C-408D-B518-E02157FD02B8}"
EndProject
Project("{FAE04EC0-301F-11D3-BF4B-00C04F79EFBC}") = "InventarioProdutos.Test", "..\InventarioProdutos.Test\InventarioProdutos.Test.csproj", "{72BE6190-D009-43A9-8C99-D2E5A7C99330}"
EndProject
Global
	GlobalSection(SolutionConfigurationPlatforms) = preSolution
		Debug|Any CPU = Debug|Any CPU
		Release|Any CPU = Release|Any CPU
	EndGlobalSection
	GlobalSection(ProjectConfigurationPlatforms) = postSolution
		{B80F8FCA-1A8C-408D-B518-E02157FD02B8}.Debug|Any CPU.ActiveCfg = Debug|Any CPU
		{B80F8FCA-1A8C-408D-B518-E02157FD02B8}.Debug|Any CPU.Build.0 = Debug|Any CPU
		{B80F8FCA-1A8C-408D-B518-E02157FD02B8}.Release|Any CPU.ActiveCfg = Release|Any CPU
		{B80F8FCA-1A8C-408D-B518-E02157FD02B8}.Release|Any CPU.Build.0 = Release|Any CPU
		{72BE6190-D009-43A9-8C99-D2E5A7C99330}.Debug|Any CPU.ActiveCfg = Debug|Any CPU
		{72BE6190-D009-43A9-8C99-D2E5A7C99330}.Debug|Any CPU.Build.0 = Debug|Any CPU
		{72BE6190-D009-43A9-8C99-D2E5A7C99330}.Release|Any CPU.ActiveCfg = Release|Any CPU
		{72BE6190-D009-43A9-8C99-D2E5A7C99330}.Release|Any CPU.Build.0 = Release|Any CPU
	EndGlobalSection
	GlobalSection(SolutionProperties) = preSolution
		HideSolutionNode = FALSE
	EndGlobalSection
	GlobalSection(ExtensibilityGlobals) = postSolution
		SolutionGuid = {C86D1431-5F6E-406A-BE34-DAD9586AEE2B}
	EndGlobalSection
EndGlobal
