
Microsoft Visual Studio Solution File, Format Version 12.00
# Visual Studio Version 17
VisualStudioVersion = 17.9.34723.18
MinimumVisualStudioVersion = 10.0.40219.1
Project("{FAE04EC0-301F-11D3-BF4B-00C04F79EFBC}") = "ConversaoTemperaturas", "ConversaoTemperaturas.csproj", "{411A45C9-4013-41D1-A4ED-382C639C26C3}"
EndProject
Project("{FAE04EC0-301F-11D3-BF4B-00C04F79EFBC}") = "ConversaoTemperaturas.Test", "..\ConversaoTemperaturas.Test\ConversaoTemperaturas.Test.csproj", "{A2FBCEBE-3137-429B-BBDA-9974EC29B8C4}"
EndProject
Global
	GlobalSection(SolutionConfigurationPlatforms) = preSolution
		Debug|Any CPU = Debug|Any CPU
		Release|Any CPU = Release|Any CPU
	EndGlobalSection
	GlobalSection(ProjectConfigurationPlatforms) = postSolution
		{411A45C9-4013-41D1-A4ED-382C639C26C3}.Debug|Any CPU.ActiveCfg = Debug|Any CPU
		{411A45C9-4013-41D1-A4ED-382C639C26C3}.Debug|Any CPU.Build.0 = Debug|Any CPU
		{411A45C9-4013-41D1-A4ED-382C639C26C3}.Release|Any CPU.ActiveCfg = Release|Any CPU
		{411A45C9-4013-41D1-A4ED-382C639C26C3}.Release|Any CPU.Build.0 = Release|Any CPU
		{A2FBCEBE-3137-429B-BBDA-9974EC29B8C4}.Debug|Any CPU.ActiveCfg = Debug|Any CPU
		{A2FBCEBE-3137-429B-BBDA-9974EC29B8C4}.Debug|Any CPU.Build.0 = Debug|Any CPU
		{A2FBCEBE-3137-429B-BBDA-9974EC29B8C4}.Release|Any CPU.ActiveCfg = Release|Any CPU
		{A2FBCEBE-3137-429B-BBDA-9974EC29B8C4}.Release|Any CPU.Build.0 = Release|Any CPU
	EndGlobalSection
	GlobalSection(SolutionProperties) = preSolution
		HideSolutionNode = FALSE
	EndGlobalSection
	GlobalSection(ExtensibilityGlobals) = postSolution
		SolutionGuid = {A4BF027E-589B-437B-A5E8-503CB2F608D5}
	EndGlobalSection
EndGlobal
